
Microsoft Visual Studio Solution File, Format Version 12.00
# Visual Studio Version 16
VisualStudioVersion = 16.0.32228.343
MinimumVisualStudioVersion = 10.0.40219.1
Project("{FAE04EC0-301F-11D3-BF4B-00C04F79EFBC}") = "P128RefOutParam", "P128RefOutParam.csproj", "{F7CAF918-9EBB-4669-A0FF-CE9FECE594E5}"
EndProject
Global
	GlobalSection(SolutionConfigurationPlatforms) = preSolution
		Debug|Any CPU = Debug|Any CPU
		Release|Any CPU = Release|Any CPU
	EndGlobalSection
	GlobalSection(ProjectConfigurationPlatforms) = postSolution
		{F7CAF918-9EBB-4669-A0FF-CE9FECE594E5}.Debug|Any CPU.ActiveCfg = Debug|Any CPU
		{F7CAF918-9EBB-4669-A0FF-CE9FECE594E5}.Debug|Any CPU.Build.0 = Debug|Any CPU
		{F7CAF918-9EBB-4669-A0FF-CE9FECE594E5}.Release|Any CPU.ActiveCfg = Release|Any CPU
		{F7CAF918-9EBB-4669-A0FF-CE9FECE594E5}.Release|Any CPU.Build.0 = Release|Any CPU
	EndGlobalSection
	GlobalSection(SolutionProperties) = preSolution
		HideSolutionNode = FALSE
	EndGlobalSection
	GlobalSection(ExtensibilityGlobals) = postSolution
		SolutionGuid = {ED8D0BCE-13D2-4A32-977B-A0BD60733B42}
	EndGlobalSection
EndGlobal
